github.com/gorilla/mux v1.8.0 h1:i40aqfkR1h2SlN9hojwV5ZA91wcXFOvkdNIeFDP5koI=
github.com/gorilla/mux v1.8.0/go.mod h1:DVbg23sWSpFRCP0SfiEN6jmj59UnW/n46BH5rLB71So=
github.com/vikasbolla/DoctorApplication v0.0.0-20220405061535-091a56b42588 h1:47DEQpj8HBSa+/TImW+5JCeuQeRkm5NMpJWZG3hSuFU=
github.com/vikasbolla/DoctorApplication v0.0.0-20220405061535-091a56b42588/go.mod h1:T+1lBfiuSI5m7mGDFdRZdCqxOBT1Bi+7nbsvhSMIZac=
